
Microsoft Visual Studio Solution File, Format Version 12.00
# Visual Studio Version 17
VisualStudioVersion = 17.0.31903.59
MinimumVisualStudioVersion = 10.0.40219.1
Project("{FAE04EC0-301F-11D3-BF4B-00C04F79EFBC}") = "RayTracing", "RayTracing\RayTracing.csproj", "{C255D5EC-DE55-4F51-9122-76D2E53328BC}"
EndProject
Global
	GlobalSection(SolutionConfigurationPlatforms) = preSolution
		Debug|Any CPU = Debug|Any CPU
		Release|Any CPU = Release|Any CPU
	EndGlobalSection
	GlobalSection(SolutionProperties) = preSolution
		HideSolutionNode = FALSE
	EndGlobalSection
	GlobalSection(ProjectConfigurationPlatforms) = postSolution
		{C255D5EC-DE55-4F51-9122-76D2E53328BC}.Debug|Any CPU.ActiveCfg = Debug|Any CPU
		{C255D5EC-DE55-4F51-9122-76D2E53328BC}.Debug|Any CPU.Build.0 = Debug|Any CPU
		{C255D5EC-DE55-4F51-9122-76D2E53328BC}.Release|Any CPU.ActiveCfg = Release|Any CPU
		{C255D5EC-DE55-4F51-9122-76D2E53328BC}.Release|Any CPU.Build.0 = Release|Any CPU
	EndGlobalSection
EndGlobal
